
Microsoft Visual Studio Solution File, Format Version 12.00
# Visual Studio Version 17
VisualStudioVersion = 17.11.35312.102
MinimumVisualStudioVersion = 10.0.40219.1
Project("{FAE04EC0-301F-11D3-BF4B-00C04F79EFBC}") = "project_5", "project_5\project_5.csproj", "{F0D44022-569F-4FF5-A0BB-790C724AE2BC}"
EndProject
Global
	GlobalSection(SolutionConfigurationPlatforms) = preSolution
		Debug|Any CPU = Debug|Any CPU
		Release|Any CPU = Release|Any CPU
	EndGlobalSection
	GlobalSection(ProjectConfigurationPlatforms) = postSolution
		{F0D44022-569F-4FF5-A0BB-790C724AE2BC}.Debug|Any CPU.ActiveCfg = Debug|Any CPU
		{F0D44022-569F-4FF5-A0BB-790C724AE2BC}.Debug|Any CPU.Build.0 = Debug|Any CPU
		{F0D44022-569F-4FF5-A0BB-790C724AE2BC}.Release|Any CPU.ActiveCfg = Release|Any CPU
		{F0D44022-569F-4FF5-A0BB-790C724AE2BC}.Release|Any CPU.Build.0 = Release|Any CPU
	EndGlobalSection
	GlobalSection(SolutionProperties) = preSolution
		HideSolutionNode = FALSE
	EndGlobalSection
	GlobalSection(ExtensibilityGlobals) = postSolution
		SolutionGuid = {E68B95CA-FAFC-4BE6-A048-771784F76A99}
	EndGlobalSection
EndGlobal
